
Microsoft Visual Studio Solution File, Format Version 12.00
# Visual Studio Version 17
VisualStudioVersion = 17.5.002.0
MinimumVisualStudioVersion = 10.0.40219.1
Project("{9A19103F-16F7-4668-BE54-9A1E7A4F7556}") = "minimum-number-of-pushes-to-type-word-ii", "minimum-number-of-pushes-to-type-word-ii.csproj", "{3E96BD2B-DDF1-41D4-8BB1-260621C0E3C9}"
EndProject
Global
	GlobalSection(SolutionConfigurationPlatforms) = preSolution
		Debug|Any CPU = Debug|Any CPU
		Release|Any CPU = Release|Any CPU
	EndGlobalSection
	GlobalSection(ProjectConfigurationPlatforms) = postSolution
		{3E96BD2B-DDF1-41D4-8BB1-260621C0E3C9}.Debug|Any CPU.ActiveCfg = Debug|Any CPU
		{3E96BD2B-DDF1-41D4-8BB1-260621C0E3C9}.Debug|Any CPU.Build.0 = Debug|Any CPU
		{3E96BD2B-DDF1-41D4-8BB1-260621C0E3C9}.Release|Any CPU.ActiveCfg = Release|Any CPU
		{3E96BD2B-DDF1-41D4-8BB1-260621C0E3C9}.Release|Any CPU.Build.0 = Release|Any CPU
	EndGlobalSection
	GlobalSection(SolutionProperties) = preSolution
		HideSolutionNode = FALSE
	EndGlobalSection
	GlobalSection(ExtensibilityGlobals) = postSolution
		SolutionGuid = {BE791F44-87D9-4FC9-8B45-71C4CFF04C65}
	EndGlobalSection
EndGlobal
